// !$*UTF8*$!
{
	archiveVersion = 1;
	classes = {
	};
	objectVersion = 51;
	objects = {

/* Begin PBXBuildFile section */
		531C198A262EA39500A97938 /* ParseManager.swift in Sources */ = {isa = PBXBuildFile; fileRef = 531C1988262EA39500A97938 /* ParseManager.swift */; };
		531C198B262EA39500A97938 /* Endpoints.swift in Sources */ = {isa = PBXBuildFile; fileRef = 531C1989262EA39500A97938 /* Endpoints.swift */; };
		531C1994262EA3A700A97938 /* Response.swift in Sources */ = {isa = PBXBuildFile; fileRef = 531C198D262EA3A700A97938 /* Response.swift */; };
		531C1995262EA3A700A97938 /* Result.swift in Sources */ = {isa = PBXBuildFile; fileRef = 531C198E262EA3A700A97938 /* Result.swift */; };
		531C1996262EA3A700A97938 /* NetworkResponse.swift in Sources */ = {isa = PBXBuildFile; fileRef = 531C198F262EA3A700A97938 /* NetworkResponse.swift */; };
		531C1997262EA3A700A97938 /* NetworkManager.swift in Sources */ = {isa = PBXBuildFile; fileRef = 531C1990262EA3A700A97938 /* NetworkManager.swift */; };
		531C1998262EA3A700A97938 /* EndpointType.swift in Sources */ = {isa = PBXBuildFile; fileRef = 531C1991262EA3A700A97938 /* EndpointType.swift */; };
		531C1999262EA3A700A97938 /* Router.swift in Sources */ = {isa = PBXBuildFile; fileRef = 531C1992262EA3A700A97938 /* Router.swift */; };
		531C199A262EA3A700A97938 /* Parser.swift in Sources */ = {isa = PBXBuildFile; fileRef = 531C1993262EA3A700A97938 /* Parser.swift */; };
		531C199F262EA45500A97938 /* Models.swift in Sources */ = {isa = PBXBuildFile; fileRef = 531C199E262EA45500A97938 /* Models.swift */; };
		5355315A262D5E9500975F91 /* AppDelegate.swift in Sources */ = {isa = PBXBuildFile; fileRef = 53553159262D5E9500975F91 /* AppDelegate.swift */; };
		53553163262D5E9800975F91 /* Assets.xcassets in Resources */ = {isa = PBXBuildFile; fileRef = 53553162262D5E9800975F91 /* Assets.xcassets */; };
		53553166262D5E9800975F91 /* LaunchScreen.storyboard in Resources */ = {isa = PBXBuildFile; fileRef = 53553164262D5E9800975F91 /* LaunchScreen.storyboard */; };
		53A64FEF262D616700E45408 /* TabbarViewController.swift in Sources */ = {isa = PBXBuildFile; fileRef = 53A64FEE262D616600E45408 /* TabbarViewController.swift */; };
		53A64FF2262D631500E45408 /* TransactionsViewController.swift in Sources */ = {isa = PBXBuildFile; fileRef = 53A64FF1262D631500E45408 /* TransactionsViewController.swift */; };
		53A64FF5262D672100E45408 /* BaseViewController.swift in Sources */ = {isa = PBXBuildFile; fileRef = 53A64FF4262D672100E45408 /* BaseViewController.swift */; };
		53A64FF9262D6F6E00E45408 /* TransactionsTableViewCell.swift in Sources */ = {isa = PBXBuildFile; fileRef = 53A64FF8262D6F6E00E45408 /* TransactionsTableViewCell.swift */; };
		53A64FFC262D7EC800E45408 /* HeaderView.swift in Sources */ = {isa = PBXBuildFile; fileRef = 53A64FFB262D7EC800E45408 /* HeaderView.swift */; };
		53E1E7DF262D601600F44E19 /* AppConstant.swift in Sources */ = {isa = PBXBuildFile; fileRef = 53E1E7DE262D601600F44E19 /* AppConstant.swift */; };
		53E1E7E6262D604C00F44E19 /* MullerBlack.otf in Resources */ = {isa = PBXBuildFile; fileRef = 53E1E7E2262D604C00F44E19 /* MullerBlack.otf */; };
		53E1E7E7262D604C00F44E19 /* MullerRegular.otf in Resources */ = {isa = PBXBuildFile; fileRef = 53E1E7E3262D604C00F44E19 /* MullerRegular.otf */; };
		53E1E7E8262D604C00F44E19 /* MullerBold.otf in Resources */ = {isa = PBXBuildFile; fileRef = 53E1E7E4262D604C00F44E19 /* MullerBold.otf */; };
		53E1E7E9262D604C00F44E19 /* MullerMedium.otf in Resources */ = {isa = PBXBuildFile; fileRef = 53E1E7E5262D604C00F44E19 /* MullerMedium.otf */; };
		53E1E7EC262D609C00F44E19 /* Extension.swift in Sources */ = {isa = PBXBuildFile; fileRef = 53E1E7EB262D609C00F44E19 /* Extension.swift */; };
		53E1E7EF262D60C300F44E19 /* ScrollViewController.swift in Sources */ = {isa = PBXBuildFile; fileRef = 53E1E7EE262D60C300F44E19 /* ScrollViewController.swift */; };
		FC993ADD8ED661A79067D71A /* Pods_BitcoinApp.framework in Frameworks */ = {isa = PBXBuildFile; fileRef = 18EA738A5D32E80E2F132FFD /* Pods_BitcoinApp.framework */; };
/* End PBXBuildFile section */

/* Begin PBXFileReference section */
		18EA738A5D32E80E2F132FFD /* Pods_BitcoinApp.framework */ = {isa = PBXFileReference; explicitFileType = wrapper.framework; includeInIndex = 0; path = Pods_BitcoinApp.framework; sourceTree = BUILT_PRODUCTS_DIR; };
		531C1988262EA39500A97938 /* ParseManager.swift */ = {isa = PBXFileReference; fileEncoding = 4; lastKnownFileType = sourcecode.swift; path = ParseManager.swift; sourceTree = "<group>"; };
		531C1989262EA39500A97938 /* Endpoints.swift */ = {isa = PBXFileReference; fileEncoding = 4; lastKnownFileType = sourcecode.swift; path = Endpoints.swift; sourceTree = "<group>"; };
		531C198D262EA3A700A97938 /* Response.swift */ = {isa = PBXFileReference; fileEncoding = 4; lastKnownFileType = sourcecode.swift; path = Response.swift; sourceTree = "<group>"; };
		531C198E262EA3A700A97938 /* Result.swift */ = {isa = PBXFileReference; fileEncoding = 4; lastKnownFileType = sourcecode.swift; path = Result.swift; sourceTree = "<group>"; };
		531C198F262EA3A700A97938 /* NetworkResponse.swift */ = {isa = PBXFileReference; fileEncoding = 4; lastKnownFileType = sourcecode.swift; path = NetworkResponse.swift; sourceTree = "<group>"; };
		531C1990262EA3A700A97938 /* NetworkManager.swift */ = {isa = PBXFileReference; fileEncoding = 4; lastKnownFileType = sourcecode.swift; path = NetworkManager.swift; sourceTree = "<group>"; };
		531C1991262EA3A700A97938 /* EndpointType.swift */ = {isa = PBXFileReference; fileEncoding = 4; lastKnownFileType = sourcecode.swift; path = EndpointType.swift; sourceTree = "<group>"; };
		531C1992262EA3A700A97938 /* Router.swift */ = {isa = PBXFileReference; fileEncoding = 4; lastKnownFileType = sourcecode.swift; path = Router.swift; sourceTree = "<group>"; };
		531C1993262EA3A700A97938 /* Parser.swift */ = {isa = PBXFileReference; fileEncoding = 4; lastKnownFileType = sourcecode.swift; path = Parser.swift; sourceTree = "<group>"; };
		531C199E262EA45500A97938 /* Models.swift */ = {isa = PBXFileReference; lastKnownFileType = sourcecode.swift; path = Models.swift; sourceTree = "<group>"; };
		53553156262D5E9500975F91 /* BitcoinApp.app */ = {isa = PBXFileReference; explicitFileType = wrapper.application; includeInIndex = 0; path = BitcoinApp.app; sourceTree = BUILT_PRODUCTS_DIR; };
		53553159262D5E9500975F91 /* AppDelegate.swift */ = {isa = PBXFileReference; lastKnownFileType = sourcecode.swift; path = AppDelegate.swift; sourceTree = "<group>"; };
		53553162262D5E9800975F91 /* Assets.xcassets */ = {isa = PBXFileReference; lastKnownFileType = folder.assetcatalog; path = Assets.xcassets; sourceTree = "<group>"; };
		53553165262D5E9800975F91 /* Base */ = {isa = PBXFileReference; lastKnownFileType = file.storyboard; name = Base; path = Base.lproj/LaunchScreen.storyboard; sourceTree = "<group>"; };
		53553167262D5E9800975F91 /* Info.plist */ = {isa = PBXFileReference; lastKnownFileType = text.plist.xml; path = Info.plist; sourceTree = "<group>"; };
		53A64FEE262D616600E45408 /* TabbarViewController.swift */ = {isa = PBXFileReference; lastKnownFileType = sourcecode.swift; path = TabbarViewController.swift; sourceTree = "<group>"; };
		53A64FF1262D631500E45408 /* TransactionsViewController.swift */ = {isa = PBXFileReference; lastKnownFileType = sourcecode.swift; path = TransactionsViewController.swift; sourceTree = "<group>"; };
		53A64FF4262D672100E45408 /* BaseViewController.swift */ = {isa = PBXFileReference; lastKnownFileType = sourcecode.swift; path = BaseViewController.swift; sourceTree = "<group>"; };
		53A64FF8262D6F6E00E45408 /* TransactionsTableViewCell.swift */ = {isa = PBXFileReference; lastKnownFileType = sourcecode.swift; path = TransactionsTableViewCell.swift; sourceTree = "<group>"; };
		53A64FFB262D7EC800E45408 /* HeaderView.swift */ = {isa = PBXFileReference; lastKnownFileType = sourcecode.swift; path = HeaderView.swift; sourceTree = "<group>"; };
		53E1E7DE262D601600F44E19 /* AppConstant.swift */ = {isa = PBXFileReference; lastKnownFileType = sourcecode.swift; path = AppConstant.swift; sourceTree = "<group>"; };
		53E1E7E2262D604C00F44E19 /* MullerBlack.otf */ = {isa = PBXFileReference; lastKnownFileType = file; path = MullerBlack.otf; sourceTree = "<group>"; };
		53E1E7E3262D604C00F44E19 /* MullerRegular.otf */ = {isa = PBXFileReference; lastKnownFileType = file; path = MullerRegular.otf; sourceTree = "<group>"; };
		53E1E7E4262D604C00F44E19 /* MullerBold.otf */ = {isa = PBXFileReference; lastKnownFileType = file; path = MullerBold.otf; sourceTree = "<group>"; };
		53E1E7E5262D604C00F44E19 /* MullerMedium.otf */ = {isa = PBXFileReference; lastKnownFileType = file; path = MullerMedium.otf; sourceTree = "<group>"; };
		53E1E7EB262D609C00F44E19 /* Extension.swift */ = {isa = PBXFileReference; lastKnownFileType = sourcecode.swift; path = Extension.swift; sourceTree = "<group>"; };
		53E1E7EE262D60C300F44E19 /* ScrollViewController.swift */ = {isa = PBXFileReference; lastKnownFileType = sourcecode.swift; path = ScrollViewController.swift; sourceTree = "<group>"; };
		C19BE41C7B2E3387BA639C38 /* Pods-BitcoinApp.release.xcconfig */ = {isa = PBXFileReference; includeInIndex = 1; lastKnownFileType = text.xcconfig; name = "Pods-BitcoinApp.release.xcconfig"; path = "Target Support Files/Pods-BitcoinApp/Pods-BitcoinApp.release.xcconfig"; sourceTree = "<group>"; };
		FBF997E125894795E581E143 /* Pods-BitcoinApp.debug.xcconfig */ = {isa = PBXFileReference; includeInIndex = 1; lastKnownFileType = text.xcconfig; name = "Pods-BitcoinApp.debug.xcconfig"; path = "Target Support Files/Pods-BitcoinApp/Pods-BitcoinApp.debug.xcconfig"; sourceTree = "<group>"; };
/* End PBXFileReference section */

/* Begin PBXFrameworksBuildPhase section */
		53553153262D5E9500975F91 /* Frameworks */ = {
			isa = PBXFrameworksBuildPhase;
			buildActionMask = 2147483647;
			files = (
				FC993ADD8ED661A79067D71A /* Pods_BitcoinApp.framework in Frameworks */,
			);
			runOnlyForDeploymentPostprocessing = 0;
		};
/* End PBXFrameworksBuildPhase section */

/* Begin PBXGroup section */
		531C1986262EA35C00A97938 /* Network Manager */ = {
			isa = PBXGroup;
			children = (
				531C1989262EA39500A97938 /* Endpoints.swift */,
				531C1988262EA39500A97938 /* ParseManager.swift */,
				531C1987262EA37A00A97938 /* Utility */,
			);
			path = "Network Manager";
			sourceTree = "<group>";
		};
		531C1987262EA37A00A97938 /* Utility */ = {
			isa = PBXGroup;
			children = (
				531C1991262EA3A700A97938 /* EndpointType.swift */,
				531C1990262EA3A700A97938 /* NetworkManager.swift */,
				531C198F262EA3A700A97938 /* NetworkResponse.swift */,
				531C1993262EA3A700A97938 /* Parser.swift */,
				531C198D262EA3A700A97938 /* Response.swift */,
				531C198E262EA3A700A97938 /* Result.swift */,
				531C1992262EA3A700A97938 /* Router.swift */,
			);
			path = Utility;
			sourceTree = "<group>";
		};
		531C199C262EA42300A97938 /* Model */ = {
			isa = PBXGroup;
			children = (
				531C199E262EA45500A97938 /* Models.swift */,
			);
			path = Model;
			sourceTree = "<group>";
		};
		5355314D262D5E9500975F91 = {
			isa = PBXGroup;
			children = (
				53553158262D5E9500975F91 /* BitcoinApp */,
				53553157262D5E9500975F91 /* Products */,
				B7143252F1C94EBDD4DCE633 /* Pods */,
				B109A25939183B00496D2DF4 /* Frameworks */,
			);
			sourceTree = "<group>";
		};
		53553157262D5E9500975F91 /* Products */ = {
			isa = PBXGroup;
			children = (
				53553156262D5E9500975F91 /* BitcoinApp.app */,
			);
			name = Products;
			sourceTree = "<group>";
		};
		53553158262D5E9500975F91 /* BitcoinApp */ = {
			isa = PBXGroup;
			children = (
				53E1E7D8262D5F4C00F44E19 /* Supporting Files */,
				53E1E7D9262D5F6600F44E19 /* Modules */,
				53E1E7DC262D5F8600F44E19 /* Services */,
				53E1E7DD262D5FA000F44E19 /* Resources */,
			);
			path = BitcoinApp;
			sourceTree = "<group>";
		};
		53E1E7D8262D5F4C00F44E19 /* Supporting Files */ = {
			isa = PBXGroup;
			children = (
				53553159262D5E9500975F91 /* AppDelegate.swift */,
			);
			path = "Supporting Files";
			sourceTree = "<group>";
		};
		53E1E7D9262D5F6600F44E19 /* Modules */ = {
			isa = PBXGroup;
			children = (
				53E1E7DA262D5F7400F44E19 /* Base */,
			);
			path = Modules;
			sourceTree = "<group>";
		};
		53E1E7DA262D5F7400F44E19 /* Base */ = {
			isa = PBXGroup;
			children = (
				531C199C262EA42300A97938 /* Model */,
				53E1E7DB262D5F7F00F44E19 /* View */,
				53A64FF4262D672100E45408 /* BaseViewController.swift */,
				53A64FEE262D616600E45408 /* TabbarViewController.swift */,
				53A64FF1262D631500E45408 /* TransactionsViewController.swift */,
			);
			path = Base;
			sourceTree = "<group>";
		};
		53E1E7DB262D5F7F00F44E19 /* View */ = {
			isa = PBXGroup;
			children = (
				53A64FF8262D6F6E00E45408 /* TransactionsTableViewCell.swift */,
				53A64FFB262D7EC800E45408 /* HeaderView.swift */,
			);
			path = View;
			sourceTree = "<group>";
		};
		53E1E7DC262D5F8600F44E19 /* Services */ = {
			isa = PBXGroup;
			children = (
				531C1986262EA35C00A97938 /* Network Manager */,
				53E1E7DE262D601600F44E19 /* AppConstant.swift */,
				53E1E7EB262D609C00F44E19 /* Extension.swift */,
				53E1E7EE262D60C300F44E19 /* ScrollViewController.swift */,
			);
			path = Services;
			sourceTree = "<group>";
		};
		53E1E7DD262D5FA000F44E19 /* Resources */ = {
			isa = PBXGroup;
			children = (
				53E1E7E1262D603800F44E19 /* Font */,
				53553162262D5E9800975F91 /* Assets.xcassets */,
				53553164262D5E9800975F91 /* LaunchScreen.storyboard */,
				53553167262D5E9800975F91 /* Info.plist */,
			);
			path = Resources;
			sourceTree = "<group>";
		};
		53E1E7E1262D603800F44E19 /* Font */ = {
			isa = PBXGroup;
			children = (
				53E1E7E2262D604C00F44E19 /* MullerBlack.otf */,
				53E1E7E4262D604C00F44E19 /* MullerBold.otf */,
				53E1E7E5262D604C00F44E19 /* MullerMedium.otf */,
				53E1E7E3262D604C00F44E19 /* MullerRegular.otf */,
			);
			path = Font;
			sourceTree = "<group>";
		};
		B109A25939183B00496D2DF4 /* Frameworks */ = {
			isa = PBXGroup;
			children = (
				18EA738A5D32E80E2F132FFD /* Pods_BitcoinApp.framework */,
			);
			name = Frameworks;
			sourceTree = "<group>";
		};
		B7143252F1C94EBDD4DCE633 /* Pods */ = {
			isa = PBXGroup;
			children = (
				FBF997E125894795E581E143 /* Pods-BitcoinApp.debug.xcconfig */,
				C19BE41C7B2E3387BA639C38 /* Pods-BitcoinApp.release.xcconfig */,
			);
			path = Pods;
			sourceTree = "<group>";
		};
/* End PBXGroup section */

/* Begin PBXNativeTarget section */
		53553155262D5E9500975F91 /* BitcoinApp */ = {
			isa = PBXNativeTarget;
			buildConfigurationList = 5355316A262D5E9800975F91 /* Build configuration list for PBXNativeTarget "BitcoinApp" */;
			buildPhases = (
				73A59C92D3E8D4F9FF28E157 /* [CP] Check Pods Manifest.lock */,
				53553152262D5E9500975F91 /* Sources */,
				53553153262D5E9500975F91 /* Frameworks */,
				53553154262D5E9500975F91 /* Resources */,
				DA2C735AEB31ABAE77D8B00D /* [CP] Embed Pods Frameworks */,
			);
			buildRules = (
			);
			dependencies = (
			);
			name = BitcoinApp;
			productName = BitcoinApp;
			productReference = 53553156262D5E9500975F91 /* BitcoinApp.app */;
			productType = "com.apple.product-type.application";
		};
/* End PBXNativeTarget section */

/* Begin PBXProject section */
		5355314E262D5E9500975F91 /* Project object */ = {
			isa = PBXProject;
			attributes = {
				LastSwiftUpdateCheck = 1240;
				LastUpgradeCheck = 1240;
				TargetAttributes = {
					53553155262D5E9500975F91 = {
						CreatedOnToolsVersion = 12.4;
					};
				};
			};
			buildConfigurationList = 53553151262D5E9500975F91 /* Build configuration list for PBXProject "BitcoinApp" */;
			compatibilityVersion = "Xcode 9.3";
			developmentRegion = en;
			hasScannedForEncodings = 0;
			knownRegions = (
				en,
				Base,
			);
			mainGroup = 5355314D262D5E9500975F91;
			productRefGroup = 53553157262D5E9500975F91 /* Products */;
			projectDirPath = "";
			projectRoot = "";
			targets = (
				53553155262D5E9500975F91 /* BitcoinApp */,
			);
		};
/* End PBXProject section */

/* Begin PBXResourcesBuildPhase section */
		53553154262D5E9500975F91 /* Resources */ = {
			isa = PBXResourcesBuildPhase;
			buildActionMask = 2147483647;
			files = (
				53E1E7E6262D604C00F44E19 /* MullerBlack.otf in Resources */,
				53553166262D5E9800975F91 /* LaunchScreen.storyboard in Resources */,
				53E1E7E8262D604C00F44E19 /* MullerBold.otf in Resources */,
				53553163262D5E9800975F91 /* Assets.xcassets in Resources */,
				53E1E7E7262D604C00F44E19 /* MullerRegular.otf in Resources */,
				53E1E7E9262D604C00F44E19 /* MullerMedium.otf in Resources */,
			);
			runOnlyForDeploymentPostprocessing = 0;
		};
/* End PBXResourcesBuildPhase section */

/* Begin PBXShellScriptBuildPhase section */
		73A59C92D3E8D4F9FF28E157 /* [CP] Check Pods Manifest.lock */ = {
			isa = PBXShellScriptBuildPhase;
			buildActionMask = 2147483647;
			files = (
			);
			inputFileListPaths = (
			);
			inputPaths = (
				"${PODS_PODFILE_DIR_PATH}/Podfile.lock",
				"${PODS_ROOT}/Manifest.lock",
			);
			name = "[CP] Check Pods Manifest.lock";
			outputFileListPaths = (
			);
			outputPaths = (
				"$(DERIVED_FILE_DIR)/Pods-BitcoinApp-checkManifestLockResult.txt",
			);
			runOnlyForDeploymentPostprocessing = 0;
			shellPath = /bin/sh;
			shellScript = "diff \"${PODS_PODFILE_DIR_PATH}/Podfile.lock\" \"${PODS_ROOT}/Manifest.lock\" > /dev/null\nif [ $? != 0 ] ; then\n    # print error to STDERR\n    echo \"error: The sandbox is not in sync with the Podfile.lock. Run 'pod install' or update your CocoaPods installation.\" >&2\n    exit 1\nfi\n# This output is used by Xcode 'outputs' to avoid re-running this script phase.\necho \"SUCCESS\" > \"${SCRIPT_OUTPUT_FILE_0}\"\n";
			showEnvVarsInLog = 0;
		};
		DA2C735AEB31ABAE77D8B00D /* [CP] Embed Pods Frameworks */ = {
			isa = PBXShellScriptBuildPhase;
			buildActionMask = 2147483647;
			files = (
			);
			inputFileListPaths = (
				"${PODS_ROOT}/Target Support Files/Pods-BitcoinApp/Pods-BitcoinApp-frameworks-${CONFIGURATION}-input-files.xcfilelist",
			);
			name = "[CP] Embed Pods Frameworks";
			outputFileListPaths = (
				"${PODS_ROOT}/Target Support Files/Pods-BitcoinApp/Pods-BitcoinApp-frameworks-${CONFIGURATION}-output-files.xcfilelist",
			);
			runOnlyForDeploymentPostprocessing = 0;
			shellPath = /bin/sh;
			shellScript = "\"${PODS_ROOT}/Target Support Files/Pods-BitcoinApp/Pods-BitcoinApp-frameworks.sh\"\n";
			showEnvVarsInLog = 0;
		};
/* End PBXShellScriptBuildPhase section */

/* Begin PBXSourcesBuildPhase section */
		53553152262D5E9500975F91 /* Sources */ = {
			isa = PBXSourcesBuildPhase;
			buildActionMask = 2147483647;
			files = (
				531C1998262EA3A700A97938 /* EndpointType.swift in Sources */,
				53E1E7EC262D609C00F44E19 /* Extension.swift in Sources */,
				531C1995262EA3A700A97938 /* Result.swift in Sources */,
				531C198A262EA39500A97938 /* ParseManager.swift in Sources */,
				53A64FFC262D7EC800E45408 /* HeaderView.swift in Sources */,
				5355315A262D5E9500975F91 /* AppDelegate.swift in Sources */,
				531C1994262EA3A700A97938 /* Response.swift in Sources */,
				53A64FF2262D631500E45408 /* TransactionsViewController.swift in Sources */,
				53E1E7DF262D601600F44E19 /* AppConstant.swift in Sources */,
				53A64FEF262D616700E45408 /* TabbarViewController.swift in Sources */,
				531C1999262EA3A700A97938 /* Router.swift in Sources */,
				531C1996262EA3A700A97938 /* NetworkResponse.swift in Sources */,
				53A64FF5262D672100E45408 /* BaseViewController.swift in Sources */,
				53A64FF9262D6F6E00E45408 /* TransactionsTableViewCell.swift in Sources */,
				531C199A262EA3A700A97938 /* Parser.swift in Sources */,
				531C199F262EA45500A97938 /* Models.swift in Sources */,
				531C1997262EA3A700A97938 /* NetworkManager.swift in Sources */,
				53E1E7EF262D60C300F44E19 /* ScrollViewController.swift in Sources */,
				531C198B262EA39500A97938 /* Endpoints.swift in Sources */,
			);
			runOnlyForDeploymentPostprocessing = 0;
		};
/* End PBXSourcesBuildPhase section */

/* Begin PBXVariantGroup section */
		53553164262D5E9800975F91 /* LaunchScreen.storyboard */ = {
			isa = PBXVariantGroup;
			children = (
				53553165262D5E9800975F91 /* Base */,
			);
			name = LaunchScreen.storyboard;
			sourceTree = "<group>";
		};
/* End PBXVariantGroup section */

/* Begin XCBuildConfiguration section */
		53553168262D5E9800975F91 /* Debug */ = {
			isa = XCBuildConfiguration;
			buildSettings = {
				ALWAYS_SEARCH_USER_PATHS = NO;
				CLANG_ANALYZER_NONNULL = YES;
				CLANG_ANALYZER_NUMBER_OBJECT_CONVERSION = YES_AGGRESSIVE;
				CLANG_CXX_LANGUAGE_STANDARD = "gnu++14";
				CLANG_CXX_LIBRARY = "libc++";
				CLANG_ENABLE_MODULES = YES;
				CLANG_ENABLE_OBJC_ARC = YES;
				CLANG_ENABLE_OBJC_WEAK = YES;
				CLANG_WARN_BLOCK_CAPTURE_AUTORELEASING = YES;
				CLANG_WARN_BOOL_CONVERSION = YES;
				CLANG_WARN_COMMA = YES;
				CLANG_WARN_CONSTANT_CONVERSION = YES;
				CLANG_WARN_DEPRECATED_OBJC_IMPLEMENTATIONS = YES;
				CLANG_WARN_DIRECT_OBJC_ISA_USAGE = YES_ERROR;
				CLANG_WARN_DOCUMENTATION_COMMENTS = YES;
				CLANG_WARN_EMPTY_BODY = YES;
				CLANG_WARN_ENUM_CONVERSION = YES;
				CLANG_WARN_INFINITE_RECURSION = YES;
				CLANG_WARN_INT_CONVERSION = YES;
				CLANG_WARN_NON_LITERAL_NULL_CONVERSION = YES;
				CLANG_WARN_OBJC_IMPLICIT_RETAIN_SELF = YES;
				CLANG_WARN_OBJC_LITERAL_CONVERSION = YES;
				CLANG_WARN_OBJC_ROOT_CLASS = YES_ERROR;
				CLANG_WARN_QUOTED_INCLUDE_IN_FRAMEWORK_HEADER = YES;
				CLANG_WARN_RANGE_LOOP_ANALYSIS = YES;
				CLANG_WARN_STRICT_PROTOTYPES = YES;
				CLANG_WARN_SUSPICIOUS_MOVE = YES;
				CLANG_WARN_UNGUARDED_AVAILABILITY = YES_AGGRESSIVE;
				CLANG_WARN_UNREACHABLE_CODE = YES;
				CLANG_WARN__DUPLICATE_METHOD_MATCH = YES;
				COPY_PHASE_STRIP = NO;
				DEBUG_INFORMATION_FORMAT = dwarf;
				ENABLE_STRICT_OBJC_MSGSEND = YES;
				ENABLE_TESTABILITY = YES;
				GCC_C_LANGUAGE_STANDARD = gnu11;
				GCC_DYNAMIC_NO_PIC = NO;
				GCC_NO_COMMON_BLOCKS = YES;
				GCC_OPTIMIZATION_LEVEL = 0;
				GCC_PREPROCESSOR_DEFINITIONS = (
					"DEBUG=1",
					"$(inherited)",
				);
				GCC_WARN_64_TO_32_BIT_CONVERSION = YES;
				GCC_WARN_ABOUT_RETURN_TYPE = YES_ERROR;
				GCC_WARN_UNDECLARED_SELECTOR = YES;
				GCC_WARN_UNINITIALIZED_AUTOS = YES_AGGRESSIVE;
				GCC_WARN_UNUSED_FUNCTION = YES;
				GCC_WARN_UNUSED_VARIABLE = YES;
				IPHONEOS_DEPLOYMENT_TARGET = 14.4;
				MTL_ENABLE_DEBUG_INFO = INCLUDE_SOURCE;
				MTL_FAST_MATH = YES;
				ONLY_ACTIVE_ARCH = YES;
				SDKROOT = iphoneos;
				SWIFT_ACTIVE_COMPILATION_CONDITIONS = DEBUG;
				SWIFT_OPTIMIZATION_LEVEL = "-Onone";
			};
			name = Debug;
		};
		53553169262D5E9800975F91 /* Release */ = {
			isa = XCBuildConfiguration;
			buildSettings = {
				ALWAYS_SEARCH_USER_PATHS = NO;
				CLANG_ANALYZER_NONNULL = YES;
				CLANG_ANALYZER_NUMBER_OBJECT_CONVERSION = YES_AGGRESSIVE;
				CLANG_CXX_LANGUAGE_STANDARD = "gnu++14";
				CLANG_CXX_LIBRARY = "libc++";
				CLANG_ENABLE_MODULES = YES;
				CLANG_ENABLE_OBJC_ARC = YES;
				CLANG_ENABLE_OBJC_WEAK = YES;
				CLANG_WARN_BLOCK_CAPTURE_AUTORELEASING = YES;
				CLANG_WARN_BOOL_CONVERSION = YES;
				CLANG_WARN_COMMA = YES;
				CLANG_WARN_CONSTANT_CONVERSION = YES;
				CLANG_WARN_DEPRECATED_OBJC_IMPLEMENTATIONS = YES;
				CLANG_WARN_DIRECT_OBJC_ISA_USAGE = YES_ERROR;
				CLANG_WARN_DOCUMENTATION_COMMENTS = YES;
				CLANG_WARN_EMPTY_BODY = YES;
				CLANG_WARN_ENUM_CONVERSION = YES;
				CLANG_WARN_INFINITE_RECURSION = YES;
				CLANG_WARN_INT_CONVERSION = YES;
				CLANG_WARN_NON_LITERAL_NULL_CONVERSION = YES;
				CLANG_WARN_OBJC_IMPLICIT_RETAIN_SELF = YES;
				CLANG_WARN_OBJC_LITERAL_CONVERSION = YES;
				CLANG_WARN_OBJC_ROOT_CLASS = YES_ERROR;
				CLANG_WARN_QUOTED_INCLUDE_IN_FRAMEWORK_HEADER = YES;
				CLANG_WARN_RANGE_LOOP_ANALYSIS = YES;
				CLANG_WARN_STRICT_PROTOTYPES = YES;
				CLANG_WARN_SUSPICIOUS_MOVE = YES;
				CLANG_WARN_UNGUARDED_AVAILABILITY = YES_AGGRESSIVE;
				CLANG_WARN_UNREACHABLE_CODE = YES;
				CLANG_WARN__DUPLICATE_METHOD_MATCH = YES;
				COPY_PHASE_STRIP = NO;
				DEBUG_INFORMATION_FORMAT = "dwarf-with-dsym";
				ENABLE_NS_ASSERTIONS = NO;
				ENABLE_STRICT_OBJC_MSGSEND = YES;
				GCC_C_LANGUAGE_STANDARD = gnu11;
				GCC_NO_COMMON_BLOCKS = YES;
				GCC_WARN_64_TO_32_BIT_CONVERSION = YES;
				GCC_WARN_ABOUT_RETURN_TYPE = YES_ERROR;
				GCC_WARN_UNDECLARED_SELECTOR = YES;
				GCC_WARN_UNINITIALIZED_AUTOS = YES_AGGRESSIVE;
				GCC_WARN_UNUSED_FUNCTION = YES;
				GCC_WARN_UNUSED_VARIABLE = YES;
				IPHONEOS_DEPLOYMENT_TARGET = 14.4;
				MTL_ENABLE_DEBUG_INFO = NO;
				MTL_FAST_MATH = YES;
				SDKROOT = iphoneos;
				SWIFT_COMPILATION_MODE = wholemodule;
				SWIFT_OPTIMIZATION_LEVEL = "-O";
				VALIDATE_PRODUCT = YES;
			};
			name = Release;
		};
		5355316B262D5E9800975F91 /* Debug */ = {
			isa = XCBuildConfiguration;
			baseConfigurationReference = FBF997E125894795E581E143 /* Pods-BitcoinApp.debug.xcconfig */;
			buildSettings = {
				ASSETCATALOG_COMPILER_APPICON_NAME = AppIcon;
				ASSETCATALOG_COMPILER_GLOBAL_ACCENT_COLOR_NAME = AccentColor;
				CODE_SIGN_STYLE = Automatic;
				INFOPLIST_FILE = BitcoinApp/Resources/Info.plist;
				IPHONEOS_DEPLOYMENT_TARGET = 11.0;
				LD_RUNPATH_SEARCH_PATHS = (
					"$(inherited)",
					"@executable_path/Frameworks",
				);
				PRODUCT_BUNDLE_IDENTIFIER = tuigynbekov.BitcoinApp;
				PRODUCT_NAME = "$(TARGET_NAME)";
				SWIFT_VERSION = 5.0;
				TARGETED_DEVICE_FAMILY = 1;
			};
			name = Debug;
		};
		5355316C262D5E9800975F91 /* Release */ = {
			isa = XCBuildConfiguration;
			baseConfigurationReference = C19BE41C7B2E3387BA639C38 /* Pods-BitcoinApp.release.xcconfig */;
			buildSettings = {
				ASSETCATALOG_COMPILER_APPICON_NAME = AppIcon;
				ASSETCATALOG_COMPILER_GLOBAL_ACCENT_COLOR_NAME = AccentColor;
				CODE_SIGN_STYLE = Automatic;
				INFOPLIST_FILE = BitcoinApp/Resources/Info.plist;
				IPHONEOS_DEPLOYMENT_TARGET = 11.0;
				LD_RUNPATH_SEARCH_PATHS = (
					"$(inherited)",
					"@executable_path/Frameworks",
				);
				PRODUCT_BUNDLE_IDENTIFIER = tuigynbekov.BitcoinApp;
				PRODUCT_NAME = "$(TARGET_NAME)";
				SWIFT_VERSION = 5.0;
				TARGETED_DEVICE_FAMILY = 1;
			};
			name = Release;
		};
/* End XCBuildConfiguration section */

/* Begin XCConfigurationList section */
		53553151262D5E9500975F91 /* Build configuration list for PBXProject "BitcoinApp" */ = {
			isa = XCConfigurationList;
			buildConfigurations = (
				53553168262D5E9800975F91 /* Debug */,
				53553169262D5E9800975F91 /* Release */,
			);
			defaultConfigurationIsVisible = 0;
			defaultConfigurationName = Release;
		};
		5355316A262D5E9800975F91 /* Build configuration list for PBXNativeTarget "BitcoinApp" */ = {
			isa = XCConfigurationList;
			buildConfigurations = (
				5355316B262D5E9800975F91 /* Debug */,
				5355316C262D5E9800975F91 /* Release */,
			);
			defaultConfigurationIsVisible = 0;
			defaultConfigurationName = Release;
		};
/* End XCConfigurationList section */
	};
	rootObject = 5355314E262D5E9500975F91 /* Project object */;
}
